// !$*UTF8*$!
{
	archiveVersion = 1;
	classes = {
	};
	objectVersion = 55;
	objects = {

/* Begin PBXBuildFile section */
		0515EAC12853706700575C10 /* ReusableToolbar.swift in Sources */ = {isa = PBXBuildFile; fileRef = 0515EAC02853706600575C10 /* ReusableToolbar.swift */; };
		0515EAC32853953F00575C10 /* ProfileVC.swift in Sources */ = {isa = PBXBuildFile; fileRef = 0515EAC22853953F00575C10 /* ProfileVC.swift */; };
		0515EAC528539FC100575C10 /* SecondTableVC.swift in Sources */ = {isa = PBXBuildFile; fileRef = 0515EAC428539FC100575C10 /* SecondTableVC.swift */; };
		0535A715281D35E200FBFD99 /* ScannerVC.swift in Sources */ = {isa = PBXBuildFile; fileRef = 0535A714281D35E200FBFD99 /* ScannerVC.swift */; };
		0535A717281D3E9800FBFD99 /* EditVC.swift in Sources */ = {isa = PBXBuildFile; fileRef = 0535A716281D3E9800FBFD99 /* EditVC.swift */; };
		0535A719281D494200FBFD99 /* ReviewVC.swift in Sources */ = {isa = PBXBuildFile; fileRef = 0535A718281D494200FBFD99 /* ReviewVC.swift */; };
		0535A71D281D561700FBFD99 /* MultiPageVC.swift in Sources */ = {isa = PBXBuildFile; fileRef = 0535A71C281D561700FBFD99 /* MultiPageVC.swift */; };
		05394CF1281C4CEF00D3A22E /* AppDelegate.swift in Sources */ = {isa = PBXBuildFile; fileRef = 05394CF0281C4CEF00D3A22E /* AppDelegate.swift */; };
		05394CF5281C4CEF00D3A22E /* ViewController.swift in Sources */ = {isa = PBXBuildFile; fileRef = 05394CF4281C4CEF00D3A22E /* ViewController.swift */; };
		05394CF8281C4CEF00D3A22E /* Main.storyboard in Resources */ = {isa = PBXBuildFile; fileRef = 05394CF6281C4CEF00D3A22E /* Main.storyboard */; };
		05394CFA281C4D0400D3A22E /* Assets.xcassets in Resources */ = {isa = PBXBuildFile; fileRef = 05394CF9281C4D0400D3A22E /* Assets.xcassets */; };
		05394CFD281C4D0400D3A22E /* LaunchScreen.storyboard in Resources */ = {isa = PBXBuildFile; fileRef = 05394CFB281C4D0400D3A22E /* LaunchScreen.storyboard */; };
		05394D0E281C52B200D3A22E /* CaptureSession+Flash.swift in Sources */ = {isa = PBXBuildFile; fileRef = 05394D0A281C52B200D3A22E /* CaptureSession+Flash.swift */; };
		05394D0F281C52B200D3A22E /* CaptureSession+Orientation.swift in Sources */ = {isa = PBXBuildFile; fileRef = 05394D0B281C52B200D3A22E /* CaptureSession+Orientation.swift */; };
		05394D10281C52B200D3A22E /* CaptureSession.swift in Sources */ = {isa = PBXBuildFile; fileRef = 05394D0C281C52B200D3A22E /* CaptureSession.swift */; };
		05394D11281C52B200D3A22E /* CaptureSession+Focus.swift in Sources */ = {isa = PBXBuildFile; fileRef = 05394D0D281C52B200D3A22E /* CaptureSession+Focus.swift */; };
		05394D15281C537F00D3A22E /* Localizable.strings in Resources */ = {isa = PBXBuildFile; fileRef = 05394D13281C537F00D3A22E /* Localizable.strings */; };
		05394D1D281C538800D3A22E /* RectangleFeaturesFunnel.swift in Sources */ = {isa = PBXBuildFile; fileRef = 05394D17281C538800D3A22E /* RectangleFeaturesFunnel.swift */; };
		05394D1E281C538800D3A22E /* CaptureSessionManager.swift in Sources */ = {isa = PBXBuildFile; fileRef = 05394D18281C538800D3A22E /* CaptureSessionManager.swift */; };
		05394D1F281C538800D3A22E /* ShutterButton.swift in Sources */ = {isa = PBXBuildFile; fileRef = 05394D19281C538800D3A22E /* ShutterButton.swift */; };
		05394D20281C538800D3A22E /* CameraScannerViewController.swift in Sources */ = {isa = PBXBuildFile; fileRef = 05394D1A281C538800D3A22E /* CameraScannerViewController.swift */; };
		05394D21281C538800D3A22E /* FocusRectangleView.swift in Sources */ = {isa = PBXBuildFile; fileRef = 05394D1B281C538800D3A22E /* FocusRectangleView.swift */; };
		05394D22281C538800D3A22E /* ScannerViewController.swift in Sources */ = {isa = PBXBuildFile; fileRef = 05394D1C281C538800D3A22E /* ScannerViewController.swift */; };
		05394D25281C539300D3A22E /* ReviewViewController.swift in Sources */ = {isa = PBXBuildFile; fileRef = 05394D24281C539300D3A22E /* ReviewViewController.swift */; };
		05394D49281C53A800D3A22E /* Localizable.strings in Resources */ = {isa = PBXBuildFile; fileRef = 05394D28281C53A800D3A22E /* Localizable.strings */; };
		05394D4A281C53A800D3A22E /* flash.png in Resources */ = {isa = PBXBuildFile; fileRef = 05394D3D281C53A800D3A22E /* flash.png */; };
		05394D4B281C53A800D3A22E /* rotate@3x.png in Resources */ = {isa = PBXBuildFile; fileRef = 05394D3E281C53A800D3A22E /* rotate@3x.png */; };
		05394D4C281C53A800D3A22E /* rotate.png in Resources */ = {isa = PBXBuildFile; fileRef = 05394D3F281C53A800D3A22E /* rotate.png */; };
		05394D4D281C53A800D3A22E /* rotate@2x.png in Resources */ = {isa = PBXBuildFile; fileRef = 05394D40281C53A800D3A22E /* rotate@2x.png */; };
		05394D4E281C53A800D3A22E /* flash@2x.png in Resources */ = {isa = PBXBuildFile; fileRef = 05394D41281C53A800D3A22E /* flash@2x.png */; };
		05394D4F281C53A800D3A22E /* flashUnavailable@2x.png in Resources */ = {isa = PBXBuildFile; fileRef = 05394D42281C53A800D3A22E /* flashUnavailable@2x.png */; };
		05394D50281C53A800D3A22E /* flashUnavailable.png in Resources */ = {isa = PBXBuildFile; fileRef = 05394D43281C53A800D3A22E /* flashUnavailable.png */; };
		05394D51281C53A800D3A22E /* flashUnavailable@3x.png in Resources */ = {isa = PBXBuildFile; fileRef = 05394D44281C53A800D3A22E /* flashUnavailable@3x.png */; };
		05394D52281C53A800D3A22E /* flash@3x.png in Resources */ = {isa = PBXBuildFile; fileRef = 05394D45281C53A800D3A22E /* flash@3x.png */; };
		05394D53281C53A800D3A22E /* enhance@3x.png in Resources */ = {isa = PBXBuildFile; fileRef = 05394D46281C53A800D3A22E /* enhance@3x.png */; };
		05394D54281C53A800D3A22E /* enhance@2x.png in Resources */ = {isa = PBXBuildFile; fileRef = 05394D47281C53A800D3A22E /* enhance@2x.png */; };
		05394D55281C53A800D3A22E /* enhance.png in Resources */ = {isa = PBXBuildFile; fileRef = 05394D48281C53A800D3A22E /* enhance.png */; };
		05394D59281C53AF00D3A22E /* CaptureDevice.swift in Sources */ = {isa = PBXBuildFile; fileRef = 05394D57281C53AF00D3A22E /* CaptureDevice.swift */; };
		05394D5A281C53AF00D3A22E /* Transformable.swift in Sources */ = {isa = PBXBuildFile; fileRef = 05394D58281C53AF00D3A22E /* Transformable.swift */; };
		05394D5C281C53B900D3A22E /* ImageScannerController.swift in Sources */ = {isa = PBXBuildFile; fileRef = 05394D5B281C53B900D3A22E /* ImageScannerController.swift */; };
		05394D78281C53CB00D3A22E /* EditImageViewController.swift in Sources */ = {isa = PBXBuildFile; fileRef = 05394D75281C53CB00D3A22E /* EditImageViewController.swift */; };
		05394D79281C53CB00D3A22E /* ZoomGestureController.swift in Sources */ = {isa = PBXBuildFile; fileRef = 05394D76281C53CB00D3A22E /* ZoomGestureController.swift */; };
		05394D7A281C53CB00D3A22E /* EditScanViewController.swift in Sources */ = {isa = PBXBuildFile; fileRef = 05394D77281C53CB00D3A22E /* EditScanViewController.swift */; };
		05394D82281C53D200D3A22E /* EditScanCornerView.swift in Sources */ = {isa = PBXBuildFile; fileRef = 05394D7C281C53D100D3A22E /* EditScanCornerView.swift */; };
		05394D83281C53D200D3A22E /* Error.swift in Sources */ = {isa = PBXBuildFile; fileRef = 05394D7D281C53D100D3A22E /* Error.swift */; };
		05394D84281C53D200D3A22E /* VisionRectangleDetector.swift in Sources */ = {isa = PBXBuildFile; fileRef = 05394D7E281C53D100D3A22E /* VisionRectangleDetector.swift */; };
		05394D85281C53D200D3A22E /* CIRectangleDetector.swift in Sources */ = {isa = PBXBuildFile; fileRef = 05394D7F281C53D100D3A22E /* CIRectangleDetector.swift */; };
		05394D86281C53D200D3A22E /* QuadrilateralView.swift in Sources */ = {isa = PBXBuildFile; fileRef = 05394D80281C53D100D3A22E /* QuadrilateralView.swift */; };
		05394D87281C53D200D3A22E /* Quadrilateral.swift in Sources */ = {isa = PBXBuildFile; fileRef = 05394D81281C53D100D3A22E /* Quadrilateral.swift */; };
		05394D90281C541A00D3A22E /* WeScan.gif in Resources */ = {isa = PBXBuildFile; fileRef = 05394D8C281C541A00D3A22E /* WeScan.gif */; };
		05394D91281C541A00D3A22E /* project.png in Resources */ = {isa = PBXBuildFile; fileRef = 05394D8D281C541A00D3A22E /* project.png */; };
		05394D92281C541A00D3A22E /* WeScan-Banner.jpg in Resources */ = {isa = PBXBuildFile; fileRef = 05394D8E281C541A00D3A22E /* WeScan-Banner.jpg */; };
		05394D93281C541A00D3A22E /* LinkedFrameworks.png in Resources */ = {isa = PBXBuildFile; fileRef = 05394D8F281C541A00D3A22E /* LinkedFrameworks.png */; };
		053A22C72856257C00D28205 /* CompareCell.swift in Sources */ = {isa = PBXBuildFile; fileRef = 053A22C62856257C00D28205 /* CompareCell.swift */; };
		053A22C92856401F00D28205 /* CheckBox.swift in Sources */ = {isa = PBXBuildFile; fileRef = 053A22C82856401F00D28205 /* CheckBox.swift */; };
		053A22CB285641D100D28205 /* IbanVC.swift in Sources */ = {isa = PBXBuildFile; fileRef = 053A22CA285641D100D28205 /* IbanVC.swift */; };
		053A22CD28564C1A00D28205 /* BuyersCell.swift in Sources */ = {isa = PBXBuildFile; fileRef = 053A22CC28564C1A00D28205 /* BuyersCell.swift */; };
		0548EBC328226B2C00E129C8 /* RotateAndZoomVC.swift in Sources */ = {isa = PBXBuildFile; fileRef = 0548EBC228226B2C00E129C8 /* RotateAndZoomVC.swift */; };
		0548EBC52822A09000E129C8 /* ShowPDF.swift in Sources */ = {isa = PBXBuildFile; fileRef = 0548EBC42822A09000E129C8 /* ShowPDF.swift */; };
		054B6B2D28520863005FE558 /* StartVC.swift in Sources */ = {isa = PBXBuildFile; fileRef = 054B6B2C28520862005FE558 /* StartVC.swift */; };
		054B6B3328522C2F005FE558 /* FirstTableVC.swift in Sources */ = {isa = PBXBuildFile; fileRef = 054B6B3228522C2F005FE558 /* FirstTableVC.swift */; };
		055166F3285715F500C86846 /* BuyersVC.swift in Sources */ = {isa = PBXBuildFile; fileRef = 055166F2285715F500C86846 /* BuyersVC.swift */; };
		055166F52857232F00C86846 /* SuppliersVC.swift in Sources */ = {isa = PBXBuildFile; fileRef = 055166F42857232F00C86846 /* SuppliersVC.swift */; };
		055166F7285726A600C86846 /* ProfileTableViewControllerDelegate.swift in Sources */ = {isa = PBXBuildFile; fileRef = 055166F6285726A600C86846 /* ProfileTableViewControllerDelegate.swift */; };
		0551671728572B3200C86846 /* ralewaybold.ttf in Resources */ = {isa = PBXBuildFile; fileRef = 055166F928572B2E00C86846 /* ralewaybold.ttf */; };
		0551671828572B3200C86846 /* ralewayblack.ttf in Resources */ = {isa = PBXBuildFile; fileRef = 055166FA28572B2F00C86846 /* ralewayblack.ttf */; };
		0551671928572B3200C86846 /* ralewaythin.ttf in Resources */ = {isa = PBXBuildFile; fileRef = 055166FB28572B2F00C86846 /* ralewaythin.ttf */; };
		0551671A28572B3200C86846 /* opensansmediumitalic.ttf in Resources */ = {isa = PBXBuildFile; fileRef = 055166FC28572B2F00C86846 /* opensansmediumitalic.ttf */; };
		0551671B28572B3200C86846 /* ralewayregular.ttf in Resources */ = {isa = PBXBuildFile; fileRef = 055166FD28572B2F00C86846 /* ralewayregular.ttf */; };
		0551671C28572B3200C86846 /* opensanslightitalic.ttf in Resources */ = {isa = PBXBuildFile; fileRef = 055166FE28572B2F00C86846 /* opensanslightitalic.ttf */; };
		0551671D28572B3200C86846 /* opensansextrabolditalic.ttf in Resources */ = {isa = PBXBuildFile; fileRef = 055166FF28572B3000C86846 /* opensansextrabolditalic.ttf */; };
		0551671E28572B3200C86846 /* opensanssemibolditalic.ttf in Resources */ = {isa = PBXBuildFile; fileRef = 0551670028572B3000C86846 /* opensanssemibolditalic.ttf */; };
		0551671F28572B3200C86846 /* ralewaymedium.ttf in Resources */ = {isa = PBXBuildFile; fileRef = 0551670128572B3000C86846 /* ralewaymedium.ttf */; };
		0551672028572B3200C86846 /* ralewayextrabold.ttf in Resources */ = {isa = PBXBuildFile; fileRef = 0551670228572B3000C86846 /* ralewayextrabold.ttf */; };
		0551672128572B3200C86846 /* opensansextrabold.ttf in Resources */ = {isa = PBXBuildFile; fileRef = 0551670328572B3000C86846 /* opensansextrabold.ttf */; };
		0551672228572B3200C86846 /* opensansbolditalic.ttf in Resources */ = {isa = PBXBuildFile; fileRef = 0551670428572B3000C86846 /* opensansbolditalic.ttf */; };
		0551672328572B3200C86846 /* ralewayextralight.ttf in Resources */ = {isa = PBXBuildFile; fileRef = 0551670528572B3000C86846 /* ralewayextralight.ttf */; };
		0551672428572B3200C86846 /* opensanssemibold.ttf in Resources */ = {isa = PBXBuildFile; fileRef = 0551670628572B3000C86846 /* opensanssemibold.ttf */; };
		0551672528572B3200C86846 /* ralewayblackitalic.ttf in Resources */ = {isa = PBXBuildFile; fileRef = 0551670728572B3000C86846 /* ralewayblackitalic.ttf */; };
		0551672628572B3200C86846 /* ralewaymediumitalic.ttf in Resources */ = {isa = PBXBuildFile; fileRef = 0551670828572B3100C86846 /* ralewaymediumitalic.ttf */; };
		0551672728572B3200C86846 /* ralewaylightitalic.ttf in Resources */ = {isa = PBXBuildFile; fileRef = 0551670928572B3100C86846 /* ralewaylightitalic.ttf */; };
		0551672828572B3200C86846 /* opensansmedium.ttf in Resources */ = {isa = PBXBuildFile; fileRef = 0551670A28572B3100C86846 /* opensansmedium.ttf */; };
		0551672928572B3200C86846 /* ralewaysemibolditalic.ttf in Resources */ = {isa = PBXBuildFile; fileRef = 0551670B28572B3100C86846 /* ralewaysemibolditalic.ttf */; };
		0551672A28572B3200C86846 /* ralewayextrabolditalic.ttf in Resources */ = {isa = PBXBuildFile; fileRef = 0551670C28572B3100C86846 /* ralewayextrabolditalic.ttf */; };
		0551672B28572B3200C86846 /* opensanslight.ttf in Resources */ = {isa = PBXBuildFile; fileRef = 0551670D28572B3100C86846 /* opensanslight.ttf */; };
		0551672C28572B3200C86846 /* opensansitalic.ttf in Resources */ = {isa = PBXBuildFile; fileRef = 0551670E28572B3100C86846 /* opensansitalic.ttf */; };
		0551672D28572B3200C86846 /* ralewayitalic.ttf in Resources */ = {isa = PBXBuildFile; fileRef = 0551670F28572B3100C86846 /* ralewayitalic.ttf */; };
		0551672E28572B3200C86846 /* opensansregular.ttf in Resources */ = {isa = PBXBuildFile; fileRef = 0551671028572B3200C86846 /* opensansregular.ttf */; };
		0551672F28572B3200C86846 /* ralewayextralightitalic.ttf in Resources */ = {isa = PBXBuildFile; fileRef = 0551671128572B3200C86846 /* ralewayextralightitalic.ttf */; };
		0551673028572B3200C86846 /* ralewaybolditalic.ttf in Resources */ = {isa = PBXBuildFile; fileRef = 0551671228572B3200C86846 /* ralewaybolditalic.ttf */; };
		0551673128572B3200C86846 /* ralewaysemibold.ttf in Resources */ = {isa = PBXBuildFile; fileRef = 0551671328572B3200C86846 /* ralewaysemibold.ttf */; };
		0551673228572B3200C86846 /* opensansbold.ttf in Resources */ = {isa = PBXBuildFile; fileRef = 0551671428572B3200C86846 /* opensansbold.ttf */; };
		0551673328572B3200C86846 /* ralewaythinitalic.ttf in Resources */ = {isa = PBXBuildFile; fileRef = 0551671528572B3200C86846 /* ralewaythinitalic.ttf */; };
		0551673428572B3200C86846 /* ralewaylight.ttf in Resources */ = {isa = PBXBuildFile; fileRef = 0551671628572B3200C86846 /* ralewaylight.ttf */; };
		055A7E8428217ED300B0139C /* ImageCell.swift in Sources */ = {isa = PBXBuildFile; fileRef = 055A7E8328217ED300B0139C /* ImageCell.swift */; };
		05E56FF12854B7D400EFA634 /* CompareVC.swift in Sources */ = {isa = PBXBuildFile; fileRef = 05E56FF02854B7D400EFA634 /* CompareVC.swift */; };
		05F617FD282BC35200B32571 /* AVCaptureVideoOrientation+Utils.swift in Sources */ = {isa = PBXBuildFile; fileRef = 05F617F2282BC35200B32571 /* AVCaptureVideoOrientation+Utils.swift */; };
		05F617FE282BC35200B32571 /* CGPoint+Utils.swift in Sources */ = {isa = PBXBuildFile; fileRef = 05F617F3282BC35200B32571 /* CGPoint+Utils.swift */; };
		05F617FF282BC35200B32571 /* CGSize+Utils.swift in Sources */ = {isa = PBXBuildFile; fileRef = 05F617F4282BC35200B32571 /* CGSize+Utils.swift */; };
		05F61800282BC35200B32571 /* CGImagePropertyOrientation.swift in Sources */ = {isa = PBXBuildFile; fileRef = 05F617F5282BC35200B32571 /* CGImagePropertyOrientation.swift */; };
		05F61801282BC35200B32571 /* CIImage+Utils.swift in Sources */ = {isa = PBXBuildFile; fileRef = 05F617F6282BC35200B32571 /* CIImage+Utils.swift */; };
		05F61802282BC35200B32571 /* CGAffineTransform+Utils.swift in Sources */ = {isa = PBXBuildFile; fileRef = 05F617F7282BC35200B32571 /* CGAffineTransform+Utils.swift */; };
		05F61803282BC35200B32571 /* CGRect+Utils.swift in Sources */ = {isa = PBXBuildFile; fileRef = 05F617F8282BC35200B32571 /* CGRect+Utils.swift */; };
		05F61804282BC35200B32571 /* Array+Utils.swift in Sources */ = {isa = PBXBuildFile; fileRef = 05F617F9282BC35200B32571 /* Array+Utils.swift */; };
		05F61805282BC35200B32571 /* UIImage+Orientation.swift in Sources */ = {isa = PBXBuildFile; fileRef = 05F617FA282BC35200B32571 /* UIImage+Orientation.swift */; };
		05F61806282BC35200B32571 /* UIImage+Utils.swift in Sources */ = {isa = PBXBuildFile; fileRef = 05F617FB282BC35200B32571 /* UIImage+Utils.swift */; };
		05F61807282BC35200B32571 /* UIImage+SFSymbol.swift in Sources */ = {isa = PBXBuildFile; fileRef = 05F617FC282BC35200B32571 /* UIImage+SFSymbol.swift */; };
/* End PBXBuildFile section */

/* Begin PBXFileReference section */
		0515EAC02853706600575C10 /* ReusableToolbar.swift */ = {isa = PBXFileReference; lastKnownFileType = sourcecode.swift; path = ReusableToolbar.swift; sourceTree = "<group>"; };
		0515EAC22853953F00575C10 /* ProfileVC.swift */ = {isa = PBXFileReference; lastKnownFileType = sourcecode.swift; path = ProfileVC.swift; sourceTree = "<group>"; };
		0515EAC428539FC100575C10 /* SecondTableVC.swift */ = {isa = PBXFileReference; lastKnownFileType = sourcecode.swift; path = SecondTableVC.swift; sourceTree = "<group>"; };
		0535A714281D35E200FBFD99 /* ScannerVC.swift */ = {isa = PBXFileReference; lastKnownFileType = sourcecode.swift; path = ScannerVC.swift; sourceTree = "<group>"; };
		0535A716281D3E9800FBFD99 /* EditVC.swift */ = {isa = PBXFileReference; lastKnownFileType = sourcecode.swift; path = EditVC.swift; sourceTree = "<group>"; };
		0535A718281D494200FBFD99 /* ReviewVC.swift */ = {isa = PBXFileReference; lastKnownFileType = sourcecode.swift; path = ReviewVC.swift; sourceTree = "<group>"; };
		0535A71C281D561700FBFD99 /* MultiPageVC.swift */ = {isa = PBXFileReference; lastKnownFileType = sourcecode.swift; path = MultiPageVC.swift; sourceTree = "<group>"; };
		05394CED281C4CEF00D3A22E /* scannerApp.app */ = {isa = PBXFileReference; explicitFileType = wrapper.application; includeInIndex = 0; path = scannerApp.app; sourceTree = BUILT_PRODUCTS_DIR; };
		05394CF0281C4CEF00D3A22E /* AppDelegate.swift */ = {isa = PBXFileReference; lastKnownFileType = sourcecode.swift; path = AppDelegate.swift; sourceTree = "<group>"; };
		05394CF4281C4CEF00D3A22E /* ViewController.swift */ = {isa = PBXFileReference; lastKnownFileType = sourcecode.swift; path = ViewController.swift; sourceTree = "<group>"; };
		05394CF7281C4CEF00D3A22E /* Base */ = {isa = PBXFileReference; lastKnownFileType = file.storyboard; name = Base; path = Base.lproj/Main.storyboard; sourceTree = "<group>"; };
		05394CF9281C4D0400D3A22E /* Assets.xcassets */ = {isa = PBXFileReference; lastKnownFileType = folder.assetcatalog; path = Assets.xcassets; sourceTree = "<group>"; };
		05394CFC281C4D0400D3A22E /* Base */ = {isa = PBXFileReference; lastKnownFileType = file.storyboard; name = Base; path = Base.lproj/LaunchScreen.storyboard; sourceTree = "<group>"; };
		05394CFE281C4D0400D3A22E /* Info.plist */ = {isa = PBXFileReference; lastKnownFileType = text.plist.xml; path = Info.plist; sourceTree = "<group>"; };
		05394D0A281C52B200D3A22E /* CaptureSession+Flash.swift */ = {isa = PBXFileReference; fileEncoding = 4; lastKnownFileType = sourcecode.swift; path = "CaptureSession+Flash.swift"; sourceTree = "<group>"; };
		05394D0B281C52B200D3A22E /* CaptureSession+Orientation.swift */ = {isa = PBXFileReference; fileEncoding = 4; lastKnownFileType = sourcecode.swift; path = "CaptureSession+Orientation.swift"; sourceTree = "<group>"; };
		05394D0C281C52B200D3A22E /* CaptureSession.swift */ = {isa = PBXFileReference; fileEncoding = 4; lastKnownFileType = sourcecode.swift; path = CaptureSession.swift; sourceTree = "<group>"; };
		05394D0D281C52B200D3A22E /* CaptureSession+Focus.swift */ = {isa = PBXFileReference; fileEncoding = 4; lastKnownFileType = sourcecode.swift; path = "CaptureSession+Focus.swift"; sourceTree = "<group>"; };
		05394D14281C537F00D3A22E /* ja */ = {isa = PBXFileReference; lastKnownFileType = text.plist.strings; name = ja; path = Localizable.strings; sourceTree = "<group>"; };
		05394D17281C538800D3A22E /* RectangleFeaturesFunnel.swift */ = {isa = PBXFileReference; fileEncoding = 4; lastKnownFileType = sourcecode.swift; path = RectangleFeaturesFunnel.swift; sourceTree = "<group>"; };
		05394D18281C538800D3A22E /* CaptureSessionManager.swift */ = {isa = PBXFileReference; fileEncoding = 4; lastKnownFileType = sourcecode.swift; path = CaptureSessionManager.swift; sourceTree = "<group>"; };
		05394D19281C538800D3A22E /* ShutterButton.swift */ = {isa = PBXFileReference; fileEncoding = 4; lastKnownFileType = sourcecode.swift; path = ShutterButton.swift; sourceTree = "<group>"; };
		05394D1A281C538800D3A22E /* CameraScannerViewController.swift */ = {isa = PBXFileReference; fileEncoding = 4; lastKnownFileType = sourcecode.swift; path = CameraScannerViewController.swift; sourceTree = "<group>"; };
		05394D1B281C538800D3A22E /* FocusRectangleView.swift */ = {isa = PBXFileReference; fileEncoding = 4; lastKnownFileType = sourcecode.swift; path = FocusRectangleView.swift; sourceTree = "<group>"; };
		05394D1C281C538800D3A22E /* ScannerViewController.swift */ = {isa = PBXFileReference; fileEncoding = 4; lastKnownFileType = sourcecode.swift; path = ScannerViewController.swift; sourceTree = "<group>"; };
		05394D24281C539300D3A22E /* ReviewViewController.swift */ = {isa = PBXFileReference; fileEncoding = 4; lastKnownFileType = sourcecode.swift; path = ReviewViewController.swift; sourceTree = "<group>"; };
		05394D29281C53A800D3A22E /* de */ = {isa = PBXFileReference; lastKnownFileType = text.plist.strings; name = de; path = de.lproj/Localizable.strings; sourceTree = "<group>"; };
		05394D2A281C53A800D3A22E /* ar */ = {isa = PBXFileReference; lastKnownFileType = text.plist.strings; name = ar; path = ar.lproj/Localizable.strings; sourceTree = "<group>"; };
		05394D2B281C53A800D3A22E /* zh-Hans */ = {isa = PBXFileReference; lastKnownFileType = text.plist.strings; name = "zh-Hans"; path = "zh-Hans.lproj/Localizable.strings"; sourceTree = "<group>"; };
		05394D2C281C53A800D3A22E /* en */ = {isa = PBXFileReference; lastKnownFileType = text.plist.strings; name = en; path = en.lproj/Localizable.strings; sourceTree = "<group>"; };
		05394D2D281C53A800D3A22E /* es */ = {isa = PBXFileReference; lastKnownFileType = text.plist.strings; name = es; path = es.lproj/Localizable.strings; sourceTree = "<group>"; };
		05394D2E281C53A800D3A22E /* es-419 */ = {isa = PBXFileReference; lastKnownFileType = text.plist.strings; name = "es-419"; path = "es-419.lproj/Localizable.strings"; sourceTree = "<group>"; };
		05394D2F281C53A800D3A22E /* it */ = {isa = PBXFileReference; lastKnownFileType = text.plist.strings; name = it; path = it.lproj/Localizable.strings; sourceTree = "<group>"; };
		05394D30281C53A800D3A22E /* sv */ = {isa = PBXFileReference; lastKnownFileType = text.plist.strings; name = sv; path = sv.lproj/Localizable.strings; sourceTree = "<group>"; };
		05394D31281C53A800D3A22E /* cs */ = {isa = PBXFileReference; lastKnownFileType = text.plist.strings; name = cs; path = cs.lproj/Localizable.strings; sourceTree = "<group>"; };
		05394D32281C53A800D3A22E /* ko */ = {isa = PBXFileReference; lastKnownFileType = text.plist.strings; name = ko; path = ko.lproj/Localizable.strings; sourceTree = "<group>"; };
		05394D33281C53A800D3A22E /* zh-Hant */ = {isa = PBXFileReference; lastKnownFileType = text.plist.strings; name = "zh-Hant"; path = "zh-Hant.lproj/Localizable.strings"; sourceTree = "<group>"; };
		05394D34281C53A800D3A22E /* hu */ = {isa = PBXFileReference; lastKnownFileType = text.plist.strings; name = hu; path = hu.lproj/Localizable.strings; sourceTree = "<group>"; };
		05394D35281C53A800D3A22E /* tr */ = {isa = PBXFileReference; lastKnownFileType = text.plist.strings; name = tr; path = tr.lproj/Localizable.strings; sourceTree = "<group>"; };
		05394D36281C53A800D3A22E /* pl */ = {isa = PBXFileReference; lastKnownFileType = text.plist.strings; name = pl; path = pl.lproj/Localizable.strings; sourceTree = "<group>"; };
		05394D37281C53A800D3A22E /* pt-BR */ = {isa = PBXFileReference; lastKnownFileType = text.plist.strings; name = "pt-BR"; path = "pt-BR.lproj/Localizable.strings"; sourceTree = "<group>"; };
		05394D38281C53A800D3A22E /* ru */ = {isa = PBXFileReference; lastKnownFileType = text.plist.strings; name = ru; path = ru.lproj/Localizable.strings; sourceTree = "<group>"; };
		05394D39281C53A800D3A22E /* fr */ = {isa = PBXFileReference; lastKnownFileType = text.plist.strings; name = fr; path = fr.lproj/Localizable.strings; sourceTree = "<group>"; };
		05394D3A281C53A800D3A22E /* nl */ = {isa = PBXFileReference; lastKnownFileType = text.plist.strings; name = nl; path = nl.lproj/Localizable.strings; sourceTree = "<group>"; };
		05394D3B281C53A800D3A22E /* pt-PT */ = {isa = PBXFileReference; lastKnownFileType = text.plist.strings; name = "pt-PT"; path = "pt-PT.lproj/Localizable.strings"; sourceTree = "<group>"; };
		05394D3D281C53A800D3A22E /* flash.png */ = {isa = PBXFileReference; lastKnownFileType = image.png; path = flash.png; sourceTree = "<group>"; };
		05394D3E281C53A800D3A22E /* rotate@3x.png */ = {isa = PBXFileReference; lastKnownFileType = image.png; path = "rotate@3x.png"; sourceTree = "<group>"; };
		05394D3F281C53A800D3A22E /* rotate.png */ = {isa = PBXFileReference; lastKnownFileType = image.png; path = rotate.png; sourceTree = "<group>"; };
		05394D40281C53A800D3A22E /* rotate@2x.png */ = {isa = PBXFileReference; lastKnownFileType = image.png; path = "rotate@2x.png"; sourceTree = "<group>"; };
		05394D41281C53A800D3A22E /* flash@2x.png */ = {isa = PBXFileReference; lastKnownFileType = image.png; path = "flash@2x.png"; sourceTree = "<group>"; };
		05394D42281C53A800D3A22E /* flashUnavailable@2x.png */ = {isa = PBXFileReference; lastKnownFileType = image.png; path = "flashUnavailable@2x.png"; sourceTree = "<group>"; };
		05394D43281C53A800D3A22E /* flashUnavailable.png */ = {isa = PBXFileReference; lastKnownFileType = image.png; path = flashUnavailable.png; sourceTree = "<group>"; };
		05394D44281C53A800D3A22E /* flashUnavailable@3x.png */ = {isa = PBXFileReference; lastKnownFileType = image.png; path = "flashUnavailable@3x.png"; sourceTree = "<group>"; };
		05394D45281C53A800D3A22E /* flash@3x.png */ = {isa = PBXFileReference; lastKnownFileType = image.png; path = "flash@3x.png"; sourceTree = "<group>"; };
		05394D46281C53A800D3A22E /* enhance@3x.png */ = {isa = PBXFileReference; lastKnownFileType = image.png; path = "enhance@3x.png"; sourceTree = "<group>"; };
		05394D47281C53A800D3A22E /* enhance@2x.png */ = {isa = PBXFileReference; lastKnownFileType = image.png; path = "enhance@2x.png"; sourceTree = "<group>"; };
		05394D48281C53A800D3A22E /* enhance.png */ = {isa = PBXFileReference; lastKnownFileType = image.png; path = enhance.png; sourceTree = "<group>"; };
		05394D57281C53AF00D3A22E /* CaptureDevice.swift */ = {isa = PBXFileReference; fileEncoding = 4; lastKnownFileType = sourcecode.swift; path = CaptureDevice.swift; sourceTree = "<group>"; };
		05394D58281C53AF00D3A22E /* Transformable.swift */ = {isa = PBXFileReference; fileEncoding = 4; lastKnownFileType = sourcecode.swift; path = Transformable.swift; sourceTree = "<group>"; };
		05394D5B281C53B900D3A22E /* ImageScannerController.swift */ = {isa = PBXFileReference; fileEncoding = 4; lastKnownFileType = sourcecode.swift; path = ImageScannerController.swift; sourceTree = "<group>"; };
		05394D75281C53CB00D3A22E /* EditImageViewController.swift */ = {isa = PBXFileReference; fileEncoding = 4; lastKnownFileType = sourcecode.swift; path = EditImageViewController.swift; sourceTree = "<group>"; };
		05394D76281C53CB00D3A22E /* ZoomGestureController.swift */ = {isa = PBXFileReference; fileEncoding = 4; lastKnownFileType = sourcecode.swift; path = ZoomGestureController.swift; sourceTree = "<group>"; };
		05394D77281C53CB00D3A22E /* EditScanViewController.swift */ = {isa = PBXFileReference; fileEncoding = 4; lastKnownFileType = sourcecode.swift; path = EditScanViewController.swift; sourceTree = "<group>"; };
		05394D7C281C53D100D3A22E /* EditScanCornerView.swift */ = {isa = PBXFileReference; fileEncoding = 4; lastKnownFileType = sourcecode.swift; path = EditScanCornerView.swift; sourceTree = "<group>"; };
		05394D7D281C53D100D3A22E /* Error.swift */ = {isa = PBXFileReference; fileEncoding = 4; lastKnownFileType = sourcecode.swift; path = Error.swift; sourceTree = "<group>"; };
		05394D7E281C53D100D3A22E /* VisionRectangleDetector.swift */ = {isa = PBXFileReference; fileEncoding = 4; lastKnownFileType = sourcecode.swift; path = VisionRectangleDetector.swift; sourceTree = "<group>"; };
		05394D7F281C53D100D3A22E /* CIRectangleDetector.swift */ = {isa = PBXFileReference; fileEncoding = 4; lastKnownFileType = sourcecode.swift; path = CIRectangleDetector.swift; sourceTree = "<group>"; };
		05394D80281C53D100D3A22E /* QuadrilateralView.swift */ = {isa = PBXFileReference; fileEncoding = 4; lastKnownFileType = sourcecode.swift; path = QuadrilateralView.swift; sourceTree = "<group>"; };
		05394D81281C53D100D3A22E /* Quadrilateral.swift */ = {isa = PBXFileReference; fileEncoding = 4; lastKnownFileType = sourcecode.swift; path = Quadrilateral.swift; sourceTree = "<group>"; };
		05394D8C281C541A00D3A22E /* WeScan.gif */ = {isa = PBXFileReference; lastKnownFileType = image.gif; path = WeScan.gif; sourceTree = "<group>"; };
		05394D8D281C541A00D3A22E /* project.png */ = {isa = PBXFileReference; lastKnownFileType = image.png; path = project.png; sourceTree = "<group>"; };
		05394D8E281C541A00D3A22E /* WeScan-Banner.jpg */ = {isa = PBXFileReference; lastKnownFileType = image.jpeg; path = "WeScan-Banner.jpg"; sourceTree = "<group>"; };
		05394D8F281C541A00D3A22E /* LinkedFrameworks.png */ = {isa = PBXFileReference; lastKnownFileType = image.png; path = LinkedFrameworks.png; sourceTree = "<group>"; };
		05394D94281C545300D3A22E /* WeScan.h */ = {isa = PBXFileReference; fileEncoding = 4; lastKnownFileType = sourcecode.c.h; path = WeScan.h; sourceTree = "<group>"; };
		053A22C62856257C00D28205 /* CompareCell.swift */ = {isa = PBXFileReference; lastKnownFileType = sourcecode.swift; path = CompareCell.swift; sourceTree = "<group>"; };
		053A22C82856401F00D28205 /* CheckBox.swift */ = {isa = PBXFileReference; lastKnownFileType = sourcecode.swift; path = CheckBox.swift; sourceTree = "<group>"; };
		053A22CA285641D100D28205 /* IbanVC.swift */ = {isa = PBXFileReference; lastKnownFileType = sourcecode.swift; path = IbanVC.swift; sourceTree = "<group>"; };
		053A22CC28564C1A00D28205 /* BuyersCell.swift */ = {isa = PBXFileReference; lastKnownFileType = sourcecode.swift; path = BuyersCell.swift; sourceTree = "<group>"; };
		0548EBC228226B2C00E129C8 /* RotateAndZoomVC.swift */ = {isa = PBXFileReference; lastKnownFileType = sourcecode.swift; path = RotateAndZoomVC.swift; sourceTree = "<group>"; };
		0548EBC42822A09000E129C8 /* ShowPDF.swift */ = {isa = PBXFileReference; lastKnownFileType = sourcecode.swift; path = ShowPDF.swift; sourceTree = "<group>"; };
		054B6B2C28520862005FE558 /* StartVC.swift */ = {isa = PBXFileReference; lastKnownFileType = sourcecode.swift; path = StartVC.swift; sourceTree = "<group>"; };
		054B6B3228522C2F005FE558 /* FirstTableVC.swift */ = {isa = PBXFileReference; lastKnownFileType = sourcecode.swift; path = FirstTableVC.swift; sourceTree = "<group>"; };
		055166F2285715F500C86846 /* BuyersVC.swift */ = {isa = PBXFileReference; lastKnownFileType = sourcecode.swift; path = BuyersVC.swift; sourceTree = "<group>"; };
		055166F42857232F00C86846 /* SuppliersVC.swift */ = {isa = PBXFileReference; lastKnownFileType = sourcecode.swift; path = SuppliersVC.swift; sourceTree = "<group>"; };
		055166F6285726A600C86846 /* ProfileTableViewControllerDelegate.swift */ = {isa = PBXFileReference; lastKnownFileType = sourcecode.swift; path = ProfileTableViewControllerDelegate.swift; sourceTree = "<group>"; };
		055166F928572B2E00C86846 /* ralewaybold.ttf */ = {isa = PBXFileReference; lastKnownFileType = file; path = ralewaybold.ttf; sourceTree = "<group>"; };
		055166FA28572B2F00C86846 /* ralewayblack.ttf */ = {isa = PBXFileReference; lastKnownFileType = file; path = ralewayblack.ttf; sourceTree = "<group>"; };
		055166FB28572B2F00C86846 /* ralewaythin.ttf */ = {isa = PBXFileReference; lastKnownFileType = file; path = ralewaythin.ttf; sourceTree = "<group>"; };
		055166FC28572B2F00C86846 /* opensansmediumitalic.ttf */ = {isa = PBXFileReference; lastKnownFileType = file; path = opensansmediumitalic.ttf; sourceTree = "<group>"; };
		055166FD28572B2F00C86846 /* ralewayregular.ttf */ = {isa = PBXFileReference; lastKnownFileType = file; path = ralewayregular.ttf; sourceTree = "<group>"; };
		055166FE28572B2F00C86846 /* opensanslightitalic.ttf */ = {isa = PBXFileReference; lastKnownFileType = file; path = opensanslightitalic.ttf; sourceTree = "<group>"; };
		055166FF28572B3000C86846 /* opensansextrabolditalic.ttf */ = {isa = PBXFileReference; lastKnownFileType = file; path = opensansextrabolditalic.ttf; sourceTree = "<group>"; };
		0551670028572B3000C86846 /* opensanssemibolditalic.ttf */ = {isa = PBXFileReference; lastKnownFileType = file; path = opensanssemibolditalic.ttf; sourceTree = "<group>"; };
		0551670128572B3000C86846 /* ralewaymedium.ttf */ = {isa = PBXFileReference; lastKnownFileType = file; path = ralewaymedium.ttf; sourceTree = "<group>"; };
		0551670228572B3000C86846 /* ralewayextrabold.ttf */ = {isa = PBXFileReference; lastKnownFileType = file; path = ralewayextrabold.ttf; sourceTree = "<group>"; };
		0551670328572B3000C86846 /* opensansextrabold.ttf */ = {isa = PBXFileReference; lastKnownFileType = file; path = opensansextrabold.ttf; sourceTree = "<group>"; };
		0551670428572B3000C86846 /* opensansbolditalic.ttf */ = {isa = PBXFileReference; lastKnownFileType = file; path = opensansbolditalic.ttf; sourceTree = "<group>"; };
		0551670528572B3000C86846 /* ralewayextralight.ttf */ = {isa = PBXFileReference; lastKnownFileType = file; path = ralewayextralight.ttf; sourceTree = "<group>"; };
		0551670628572B3000C86846 /* opensanssemibold.ttf */ = {isa = PBXFileReference; lastKnownFileType = file; path = opensanssemibold.ttf; sourceTree = "<group>"; };
		0551670728572B3000C86846 /* ralewayblackitalic.ttf */ = {isa = PBXFileReference; lastKnownFileType = file; path = ralewayblackitalic.ttf; sourceTree = "<group>"; };
		0551670828572B3100C86846 /* ralewaymediumitalic.ttf */ = {isa = PBXFileReference; lastKnownFileType = file; path = ralewaymediumitalic.ttf; sourceTree = "<group>"; };
		0551670928572B3100C86846 /* ralewaylightitalic.ttf */ = {isa = PBXFileReference; lastKnownFileType = file; path = ralewaylightitalic.ttf; sourceTree = "<group>"; };
		0551670A28572B3100C86846 /* opensansmedium.ttf */ = {isa = PBXFileReference; lastKnownFileType = file; path = opensansmedium.ttf; sourceTree = "<group>"; };
		0551670B28572B3100C86846 /* ralewaysemibolditalic.ttf */ = {isa = PBXFileReference; lastKnownFileType = file; path = ralewaysemibolditalic.ttf; sourceTree = "<group>"; };
		0551670C28572B3100C86846 /* ralewayextrabolditalic.ttf */ = {isa = PBXFileReference; lastKnownFileType = file; path = ralewayextrabolditalic.ttf; sourceTree = "<group>"; };
		0551670D28572B3100C86846 /* opensanslight.ttf */ = {isa = PBXFileReference; lastKnownFileType = file; path = opensanslight.ttf; sourceTree = "<group>"; };
		0551670E28572B3100C86846 /* opensansitalic.ttf */ = {isa = PBXFileReference; lastKnownFileType = file; path = opensansitalic.ttf; sourceTree = "<group>"; };
		0551670F28572B3100C86846 /* ralewayitalic.ttf */ = {isa = PBXFileReference; lastKnownFileType = file; path = ralewayitalic.ttf; sourceTree = "<group>"; };
		0551671028572B3200C86846 /* opensansregular.ttf */ = {isa = PBXFileReference; lastKnownFileType = file; path = opensansregular.ttf; sourceTree = "<group>"; };
		0551671128572B3200C86846 /* ralewayextralightitalic.ttf */ = {isa = PBXFileReference; lastKnownFileType = file; path = ralewayextralightitalic.ttf; sourceTree = "<group>"; };
		0551671228572B3200C86846 /* ralewaybolditalic.ttf */ = {isa = PBXFileReference; lastKnownFileType = file; path = ralewaybolditalic.ttf; sourceTree = "<group>"; };
		0551671328572B3200C86846 /* ralewaysemibold.ttf */ = {isa = PBXFileReference; lastKnownFileType = file; path = ralewaysemibold.ttf; sourceTree = "<group>"; };
		0551671428572B3200C86846 /* opensansbold.ttf */ = {isa = PBXFileReference; lastKnownFileType = file; path = opensansbold.ttf; sourceTree = "<group>"; };
		0551671528572B3200C86846 /* ralewaythinitalic.ttf */ = {isa = PBXFileReference; lastKnownFileType = file; path = ralewaythinitalic.ttf; sourceTree = "<group>"; };
		0551671628572B3200C86846 /* ralewaylight.ttf */ = {isa = PBXFileReference; lastKnownFileType = file; path = ralewaylight.ttf; sourceTree = "<group>"; };
		055A7E8328217ED300B0139C /* ImageCell.swift */ = {isa = PBXFileReference; lastKnownFileType = sourcecode.swift; path = ImageCell.swift; sourceTree = "<group>"; };
		05E56FF02854B7D400EFA634 /* CompareVC.swift */ = {isa = PBXFileReference; lastKnownFileType = sourcecode.swift; path = CompareVC.swift; sourceTree = "<group>"; };
		05F617F2282BC35200B32571 /* AVCaptureVideoOrientation+Utils.swift */ = {isa = PBXFileReference; fileEncoding = 4; lastKnownFileType = sourcecode.swift; path = "AVCaptureVideoOrientation+Utils.swift"; sourceTree = "<group>"; };
		05F617F3282BC35200B32571 /* CGPoint+Utils.swift */ = {isa = PBXFileReference; fileEncoding = 4; lastKnownFileType = sourcecode.swift; path = "CGPoint+Utils.swift"; sourceTree = "<group>"; };
		05F617F4282BC35200B32571 /* CGSize+Utils.swift */ = {isa = PBXFileReference; fileEncoding = 4; lastKnownFileType = sourcecode.swift; path = "CGSize+Utils.swift"; sourceTree = "<group>"; };
		05F617F5282BC35200B32571 /* CGImagePropertyOrientation.swift */ = {isa = PBXFileReference; fileEncoding = 4; lastKnownFileType = sourcecode.swift; path = CGImagePropertyOrientation.swift; sourceTree = "<group>"; };
		05F617F6282BC35200B32571 /* CIImage+Utils.swift */ = {isa = PBXFileReference; fileEncoding = 4; lastKnownFileType = sourcecode.swift; path = "CIImage+Utils.swift"; sourceTree = "<group>"; };
		05F617F7282BC35200B32571 /* CGAffineTransform+Utils.swift */ = {isa = PBXFileReference; fileEncoding = 4; lastKnownFileType = sourcecode.swift; path = "CGAffineTransform+Utils.swift"; sourceTree = "<group>"; };
		05F617F8282BC35200B32571 /* CGRect+Utils.swift */ = {isa = PBXFileReference; fileEncoding = 4; lastKnownFileType = sourcecode.swift; path = "CGRect+Utils.swift"; sourceTree = "<group>"; };
		05F617F9282BC35200B32571 /* Array+Utils.swift */ = {isa = PBXFileReference; fileEncoding = 4; lastKnownFileType = sourcecode.swift; path = "Array+Utils.swift"; sourceTree = "<group>"; };
		05F617FA282BC35200B32571 /* UIImage+Orientation.swift */ = {isa = PBXFileReference; fileEncoding = 4; lastKnownFileType = sourcecode.swift; path = "UIImage+Orientation.swift"; sourceTree = "<group>"; };
		05F617FB282BC35200B32571 /* UIImage+Utils.swift */ = {isa = PBXFileReference; fileEncoding = 4; lastKnownFileType = sourcecode.swift; path = "UIImage+Utils.swift"; sourceTree = "<group>"; };
		05F617FC282BC35200B32571 /* UIImage+SFSymbol.swift */ = {isa = PBXFileReference; fileEncoding = 4; lastKnownFileType = sourcecode.swift; path = "UIImage+SFSymbol.swift"; sourceTree = "<group>"; };
/* End PBXFileReference section */

/* Begin PBXFrameworksBuildPhase section */
		05394CEA281C4CEF00D3A22E /* Frameworks */ = {
			isa = PBXFrameworksBuildPhase;
			buildActionMask = 2147483647;
			files = (
			);
			runOnlyForDeploymentPostprocessing = 0;
		};
/* End PBXFrameworksBuildPhase section */

/* Begin PBXGroup section */
		05394CE4281C4CEF00D3A22E = {
			isa = PBXGroup;
			children = (
				05394D8B281C541A00D3A22E /* Assets */,
				05394CEF281C4CEF00D3A22E /* scannerApp */,
				05394CEE281C4CEF00D3A22E /* Products */,
			);
			sourceTree = "<group>";
		};
		05394CEE281C4CEF00D3A22E /* Products */ = {
			isa = PBXGroup;
			children = (
				05394CED281C4CEF00D3A22E /* scannerApp.app */,
			);
			name = Products;
			sourceTree = "<group>";
		};
		05394CEF281C4CEF00D3A22E /* scannerApp */ = {
			isa = PBXGroup;
			children = (
				055166F828572AB000C86846 /* Font */,
				05F617F1282BC35200B32571 /* Extensions */,
				05394D7B281C53D100D3A22E /* Common */,
				05394D74281C53CB00D3A22E /* Edit */,
				05394D56281C53AF00D3A22E /* Protocols */,
				05394D26281C53A800D3A22E /* Resources */,
				05394D23281C539300D3A22E /* Review */,
				05394D16281C538800D3A22E /* Scan */,
				05394D12281C537F00D3A22E /* ja.lproj */,
				05394D09281C52B200D3A22E /* Session */,
				05394CF0281C4CEF00D3A22E /* AppDelegate.swift */,
				05394CF4281C4CEF00D3A22E /* ViewController.swift */,
				05394CF6281C4CEF00D3A22E /* Main.storyboard */,
				05394CF9281C4D0400D3A22E /* Assets.xcassets */,
				05394CFB281C4D0400D3A22E /* LaunchScreen.storyboard */,
				05394CFE281C4D0400D3A22E /* Info.plist */,
				05394D5B281C53B900D3A22E /* ImageScannerController.swift */,
				05394D94281C545300D3A22E /* WeScan.h */,
				0535A714281D35E200FBFD99 /* ScannerVC.swift */,
				0535A716281D3E9800FBFD99 /* EditVC.swift */,
				0548EBC228226B2C00E129C8 /* RotateAndZoomVC.swift */,
				0535A718281D494200FBFD99 /* ReviewVC.swift */,
				0535A71C281D561700FBFD99 /* MultiPageVC.swift */,
				055A7E8328217ED300B0139C /* ImageCell.swift */,
				0548EBC42822A09000E129C8 /* ShowPDF.swift */,
				054B6B2C28520862005FE558 /* StartVC.swift */,
				054B6B3228522C2F005FE558 /* FirstTableVC.swift */,
				0515EAC02853706600575C10 /* ReusableToolbar.swift */,
				0515EAC22853953F00575C10 /* ProfileVC.swift */,
				0515EAC428539FC100575C10 /* SecondTableVC.swift */,
				05E56FF02854B7D400EFA634 /* CompareVC.swift */,
				053A22C62856257C00D28205 /* CompareCell.swift */,
				053A22C82856401F00D28205 /* CheckBox.swift */,
				053A22CA285641D100D28205 /* IbanVC.swift */,
				053A22CC28564C1A00D28205 /* BuyersCell.swift */,
				055166F2285715F500C86846 /* BuyersVC.swift */,
				055166F42857232F00C86846 /* SuppliersVC.swift */,
				055166F6285726A600C86846 /* ProfileTableViewControllerDelegate.swift */,
			);
			path = scannerApp;
			sourceTree = "<group>";
		};
		05394D09281C52B200D3A22E /* Session */ = {
			isa = PBXGroup;
			children = (
				05394D0A281C52B200D3A22E /* CaptureSession+Flash.swift */,
				05394D0B281C52B200D3A22E /* CaptureSession+Orientation.swift */,
				05394D0C281C52B200D3A22E /* CaptureSession.swift */,
				05394D0D281C52B200D3A22E /* CaptureSession+Focus.swift */,
			);
			path = Session;
			sourceTree = "<group>";
		};
		05394D12281C537F00D3A22E /* ja.lproj */ = {
			isa = PBXGroup;
			children = (
				05394D13281C537F00D3A22E /* Localizable.strings */,
			);
			path = ja.lproj;
			sourceTree = "<group>";
		};
		05394D16281C538800D3A22E /* Scan */ = {
			isa = PBXGroup;
			children = (
				05394D17281C538800D3A22E /* RectangleFeaturesFunnel.swift */,
				05394D18281C538800D3A22E /* CaptureSessionManager.swift */,
				05394D19281C538800D3A22E /* ShutterButton.swift */,
				05394D1A281C538800D3A22E /* CameraScannerViewController.swift */,
				05394D1B281C538800D3A22E /* FocusRectangleView.swift */,
				05394D1C281C538800D3A22E /* ScannerViewController.swift */,
			);
			path = Scan;
			sourceTree = "<group>";
		};
		05394D23281C539300D3A22E /* Review */ = {
			isa = PBXGroup;
			children = (
				05394D24281C539300D3A22E /* ReviewViewController.swift */,
			);
			path = Review;
			sourceTree = "<group>";
		};
		05394D26281C53A800D3A22E /* Resources */ = {
			isa = PBXGroup;
			children = (
				05394D27281C53A800D3A22E /* Localisation */,
				05394D3C281C53A800D3A22E /* Assets */,
			);
			path = Resources;
			sourceTree = "<group>";
		};
		05394D27281C53A800D3A22E /* Localisation */ = {
			isa = PBXGroup;
			children = (
				05394D28281C53A800D3A22E /* Localizable.strings */,
			);
			path = Localisation;
			sourceTree = "<group>";
		};
		05394D3C281C53A800D3A22E /* Assets */ = {
			isa = PBXGroup;
			children = (
				05394D3D281C53A800D3A22E /* flash.png */,
				05394D3E281C53A800D3A22E /* rotate@3x.png */,
				05394D3F281C53A800D3A22E /* rotate.png */,
				05394D40281C53A800D3A22E /* rotate@2x.png */,
				05394D41281C53A800D3A22E /* flash@2x.png */,
				05394D42281C53A800D3A22E /* flashUnavailable@2x.png */,
				05394D43281C53A800D3A22E /* flashUnavailable.png */,
				05394D44281C53A800D3A22E /* flashUnavailable@3x.png */,
				05394D45281C53A800D3A22E /* flash@3x.png */,
				05394D46281C53A800D3A22E /* enhance@3x.png */,
				05394D47281C53A800D3A22E /* enhance@2x.png */,
				05394D48281C53A800D3A22E /* enhance.png */,
			);
			path = Assets;
			sourceTree = "<group>";
		};
		05394D56281C53AF00D3A22E /* Protocols */ = {
			isa = PBXGroup;
			children = (
				05394D57281C53AF00D3A22E /* CaptureDevice.swift */,
				05394D58281C53AF00D3A22E /* Transformable.swift */,
			);
			path = Protocols;
			sourceTree = "<group>";
		};
		05394D74281C53CB00D3A22E /* Edit */ = {
			isa = PBXGroup;
			children = (
				05394D75281C53CB00D3A22E /* EditImageViewController.swift */,
				05394D76281C53CB00D3A22E /* ZoomGestureController.swift */,
				05394D77281C53CB00D3A22E /* EditScanViewController.swift */,
			);
			path = Edit;
			sourceTree = "<group>";
		};
		05394D7B281C53D100D3A22E /* Common */ = {
			isa = PBXGroup;
			children = (
				05394D7C281C53D100D3A22E /* EditScanCornerView.swift */,
				05394D7D281C53D100D3A22E /* Error.swift */,
				05394D7E281C53D100D3A22E /* VisionRectangleDetector.swift */,
				05394D7F281C53D100D3A22E /* CIRectangleDetector.swift */,
				05394D80281C53D100D3A22E /* QuadrilateralView.swift */,
				05394D81281C53D100D3A22E /* Quadrilateral.swift */,
			);
			path = Common;
			sourceTree = "<group>";
		};
		05394D8B281C541A00D3A22E /* Assets */ = {
			isa = PBXGroup;
			children = (
				05394D8C281C541A00D3A22E /* WeScan.gif */,
				05394D8D281C541A00D3A22E /* project.png */,
				05394D8E281C541A00D3A22E /* WeScan-Banner.jpg */,
				05394D8F281C541A00D3A22E /* LinkedFrameworks.png */,
			);
			path = Assets;
			sourceTree = "<group>";
		};
		055166F828572AB000C86846 /* Font */ = {
			isa = PBXGroup;
			children = (
				0551671428572B3200C86846 /* opensansbold.ttf */,
				0551670428572B3000C86846 /* opensansbolditalic.ttf */,
				0551670328572B3000C86846 /* opensansextrabold.ttf */,
				055166FF28572B3000C86846 /* opensansextrabolditalic.ttf */,
				0551670E28572B3100C86846 /* opensansitalic.ttf */,
				0551670D28572B3100C86846 /* opensanslight.ttf */,
				055166FE28572B2F00C86846 /* opensanslightitalic.ttf */,
				0551670A28572B3100C86846 /* opensansmedium.ttf */,
				055166FC28572B2F00C86846 /* opensansmediumitalic.ttf */,
				0551671028572B3200C86846 /* opensansregular.ttf */,
				0551670628572B3000C86846 /* opensanssemibold.ttf */,
				0551670028572B3000C86846 /* opensanssemibolditalic.ttf */,
				055166FA28572B2F00C86846 /* ralewayblack.ttf */,
				0551670728572B3000C86846 /* ralewayblackitalic.ttf */,
				055166F928572B2E00C86846 /* ralewaybold.ttf */,
				0551671228572B3200C86846 /* ralewaybolditalic.ttf */,
				0551670228572B3000C86846 /* ralewayextrabold.ttf */,
				0551670C28572B3100C86846 /* ralewayextrabolditalic.ttf */,
				0551670528572B3000C86846 /* ralewayextralight.ttf */,
				0551671128572B3200C86846 /* ralewayextralightitalic.ttf */,
				0551670F28572B3100C86846 /* ralewayitalic.ttf */,
				0551671628572B3200C86846 /* ralewaylight.ttf */,
				0551670928572B3100C86846 /* ralewaylightitalic.ttf */,
				0551670128572B3000C86846 /* ralewaymedium.ttf */,
				0551670828572B3100C86846 /* ralewaymediumitalic.ttf */,
				055166FD28572B2F00C86846 /* ralewayregular.ttf */,
				0551671328572B3200C86846 /* ralewaysemibold.ttf */,
				0551670B28572B3100C86846 /* ralewaysemibolditalic.ttf */,
				055166FB28572B2F00C86846 /* ralewaythin.ttf */,
				0551671528572B3200C86846 /* ralewaythinitalic.ttf */,
			);
			path = Font;
			sourceTree = "<group>";
		};
		05F617F1282BC35200B32571 /* Extensions */ = {
			isa = PBXGroup;
			children = (
				05F617F2282BC35200B32571 /* AVCaptureVideoOrientation+Utils.swift */,
				05F617F3282BC35200B32571 /* CGPoint+Utils.swift */,
				05F617F4282BC35200B32571 /* CGSize+Utils.swift */,
				05F617F5282BC35200B32571 /* CGImagePropertyOrientation.swift */,
				05F617F6282BC35200B32571 /* CIImage+Utils.swift */,
				05F617F7282BC35200B32571 /* CGAffineTransform+Utils.swift */,
				05F617F8282BC35200B32571 /* CGRect+Utils.swift */,
				05F617F9282BC35200B32571 /* Array+Utils.swift */,
				05F617FA282BC35200B32571 /* UIImage+Orientation.swift */,
				05F617FB282BC35200B32571 /* UIImage+Utils.swift */,
				05F617FC282BC35200B32571 /* UIImage+SFSymbol.swift */,
			);
			path = Extensions;
			sourceTree = "<group>";
		};
/* End PBXGroup section */

/* Begin PBXNativeTarget section */
		05394CEC281C4CEF00D3A22E /* scannerApp */ = {
			isa = PBXNativeTarget;
			buildConfigurationList = 05394D01281C4D0400D3A22E /* Build configuration list for PBXNativeTarget "scannerApp" */;
			buildPhases = (
				05394CE9281C4CEF00D3A22E /* Sources */,
				05394CEA281C4CEF00D3A22E /* Frameworks */,
				05394CEB281C4CEF00D3A22E /* Resources */,
			);
			buildRules = (
			);
			dependencies = (
			);
			name = scannerApp;
			productName = scannerApp;
			productReference = 05394CED281C4CEF00D3A22E /* scannerApp.app */;
			productType = "com.apple.product-type.application";
		};
/* End PBXNativeTarget section */

/* Begin PBXProject section */
		05394CE5281C4CEF00D3A22E /* Project object */ = {
			isa = PBXProject;
			attributes = {
				BuildIndependentTargetsInParallel = 1;
				LastSwiftUpdateCheck = 1330;
				LastUpgradeCheck = 1330;
				TargetAttributes = {
					05394CEC281C4CEF00D3A22E = {
						CreatedOnToolsVersion = 13.3;
					};
				};
			};
			buildConfigurationList = 05394CE8281C4CEF00D3A22E /* Build configuration list for PBXProject "scannerApp" */;
			compatibilityVersion = "Xcode 13.0";
			developmentRegion = en;
			hasScannedForEncodings = 0;
			knownRegions = (
				en,
				Base,
				ja,
				de,
				ar,
				"zh-Hans",
				es,
				"es-419",
				it,
				sv,
				cs,
				ko,
				"zh-Hant",
				hu,
				tr,
				pl,
				"pt-BR",
				ru,
				fr,
				nl,
				"pt-PT",
			);
			mainGroup = 05394CE4281C4CEF00D3A22E;
			productRefGroup = 05394CEE281C4CEF00D3A22E /* Products */;
			projectDirPath = "";
			projectRoot = "";
			targets = (
				05394CEC281C4CEF00D3A22E /* scannerApp */,
			);
		};
/* End PBXProject section */

/* Begin PBXResourcesBuildPhase section */
		05394CEB281C4CEF00D3A22E /* Resources */ = {
			isa = PBXResourcesBuildPhase;
			buildActionMask = 2147483647;
			files = (
				0551672E28572B3200C86846 /* opensansregular.ttf in Resources */,
				0551672228572B3200C86846 /* opensansbolditalic.ttf in Resources */,
				05394D4B281C53A800D3A22E /* rotate@3x.png in Resources */,
				05394D4D281C53A800D3A22E /* rotate@2x.png in Resources */,
				05394D4A281C53A800D3A22E /* flash.png in Resources */,
				0551672828572B3200C86846 /* opensansmedium.ttf in Resources */,
				0551671928572B3200C86846 /* ralewaythin.ttf in Resources */,
				05394D49281C53A800D3A22E /* Localizable.strings in Resources */,
				05394CFD281C4D0400D3A22E /* LaunchScreen.storyboard in Resources */,
				05394D90281C541A00D3A22E /* WeScan.gif in Resources */,
				05394D50281C53A800D3A22E /* flashUnavailable.png in Resources */,
				05394D4F281C53A800D3A22E /* flashUnavailable@2x.png in Resources */,
				05394D51281C53A800D3A22E /* flashUnavailable@3x.png in Resources */,
				05394D53281C53A800D3A22E /* enhance@3x.png in Resources */,
				0551671A28572B3200C86846 /* opensansmediumitalic.ttf in Resources */,
				05394D93281C541A00D3A22E /* LinkedFrameworks.png in Resources */,
				0551672928572B3200C86846 /* ralewaysemibolditalic.ttf in Resources */,
				0551671B28572B3200C86846 /* ralewayregular.ttf in Resources */,
				05394D4C281C53A800D3A22E /* rotate.png in Resources */,
				0551672B28572B3200C86846 /* opensanslight.ttf in Resources */,
				0551672F28572B3200C86846 /* ralewayextralightitalic.ttf in Resources */,
				0551672328572B3200C86846 /* ralewayextralight.ttf in Resources */,
				0551672728572B3200C86846 /* ralewaylightitalic.ttf in Resources */,
				05394D91281C541A00D3A22E /* project.png in Resources */,
				0551672028572B3200C86846 /* ralewayextrabold.ttf in Resources */,
				05394D15281C537F00D3A22E /* Localizable.strings in Resources */,
				0551671F28572B3200C86846 /* ralewaymedium.ttf in Resources */,
				0551673428572B3200C86846 /* ralewaylight.ttf in Resources */,
				0551671D28572B3200C86846 /* opensansextrabolditalic.ttf in Resources */,
				05394D52281C53A800D3A22E /* flash@3x.png in Resources */,
				05394D4E281C53A800D3A22E /* flash@2x.png in Resources */,
				0551673228572B3200C86846 /* opensansbold.ttf in Resources */,
				0551672428572B3200C86846 /* opensanssemibold.ttf in Resources */,
				05394D55281C53A800D3A22E /* enhance.png in Resources */,
				0551672528572B3200C86846 /* ralewayblackitalic.ttf in Resources */,
				0551671728572B3200C86846 /* ralewaybold.ttf in Resources */,
				0551672D28572B3200C86846 /* ralewayitalic.ttf in Resources */,
				0551673128572B3200C86846 /* ralewaysemibold.ttf in Resources */,
				0551671C28572B3200C86846 /* opensanslightitalic.ttf in Resources */,
				05394D92281C541A00D3A22E /* WeScan-Banner.jpg in Resources */,
				05394D54281C53A800D3A22E /* enhance@2x.png in Resources */,
				0551672A28572B3200C86846 /* ralewayextrabolditalic.ttf in Resources */,
				0551673328572B3200C86846 /* ralewaythinitalic.ttf in Resources */,
				0551673028572B3200C86846 /* ralewaybolditalic.ttf in Resources */,
				0551671E28572B3200C86846 /* opensanssemibolditalic.ttf in Resources */,
				0551671828572B3200C86846 /* ralewayblack.ttf in Resources */,
				0551672128572B3200C86846 /* opensansextrabold.ttf in Resources */,
				0551672628572B3200C86846 /* ralewaymediumitalic.ttf in Resources */,
				0551672C28572B3200C86846 /* opensansitalic.ttf in Resources */,
				05394CFA281C4D0400D3A22E /* Assets.xcassets in Resources */,
				05394CF8281C4CEF00D3A22E /* Main.storyboard in Resources */,
			);
			runOnlyForDeploymentPostprocessing = 0;
		};
/* End PBXResourcesBuildPhase section */

/* Begin PBXSourcesBuildPhase section */
		05394CE9281C4CEF00D3A22E /* Sources */ = {
			isa = PBXSourcesBuildPhase;
			buildActionMask = 2147483647;
			files = (
				05394D86281C53D200D3A22E /* QuadrilateralView.swift in Sources */,
				0535A715281D35E200FBFD99 /* ScannerVC.swift in Sources */,
				05394D11281C52B200D3A22E /* CaptureSession+Focus.swift in Sources */,
				05394D82281C53D200D3A22E /* EditScanCornerView.swift in Sources */,
				05394D0F281C52B200D3A22E /* CaptureSession+Orientation.swift in Sources */,
				0535A717281D3E9800FBFD99 /* EditVC.swift in Sources */,
				05394D25281C539300D3A22E /* ReviewViewController.swift in Sources */,
				0515EAC12853706700575C10 /* ReusableToolbar.swift in Sources */,
				05394D1F281C538800D3A22E /* ShutterButton.swift in Sources */,
				05F61807282BC35200B32571 /* UIImage+SFSymbol.swift in Sources */,
				05394CF5281C4CEF00D3A22E /* ViewController.swift in Sources */,
				05394D78281C53CB00D3A22E /* EditImageViewController.swift in Sources */,
				05F61800282BC35200B32571 /* CGImagePropertyOrientation.swift in Sources */,
				05F61806282BC35200B32571 /* UIImage+Utils.swift in Sources */,
				05394D84281C53D200D3A22E /* VisionRectangleDetector.swift in Sources */,
				05394D1D281C538800D3A22E /* RectangleFeaturesFunnel.swift in Sources */,
				0515EAC32853953F00575C10 /* ProfileVC.swift in Sources */,
				05394CF1281C4CEF00D3A22E /* AppDelegate.swift in Sources */,
				05F617FF282BC35200B32571 /* CGSize+Utils.swift in Sources */,
				055A7E8428217ED300B0139C /* ImageCell.swift in Sources */,
				053A22CD28564C1A00D28205 /* BuyersCell.swift in Sources */,
				05394D0E281C52B200D3A22E /* CaptureSession+Flash.swift in Sources */,
				055166F7285726A600C86846 /* ProfileTableViewControllerDelegate.swift in Sources */,
				054B6B2D28520863005FE558 /* StartVC.swift in Sources */,
				05394D87281C53D200D3A22E /* Quadrilateral.swift in Sources */,
				05394D22281C538800D3A22E /* ScannerViewController.swift in Sources */,
				05394D1E281C538800D3A22E /* CaptureSessionManager.swift in Sources */,
				05F617FE282BC35200B32571 /* CGPoint+Utils.swift in Sources */,
				05F61801282BC35200B32571 /* CIImage+Utils.swift in Sources */,
				05394D21281C538800D3A22E /* FocusRectangleView.swift in Sources */,
				05E56FF12854B7D400EFA634 /* CompareVC.swift in Sources */,
				05394D59281C53AF00D3A22E /* CaptureDevice.swift in Sources */,
				05394D5C281C53B900D3A22E /* ImageScannerController.swift in Sources */,
				05394D79281C53CB00D3A22E /* ZoomGestureController.swift in Sources */,
				05394D7A281C53CB00D3A22E /* EditScanViewController.swift in Sources */,
				0535A71D281D561700FBFD99 /* MultiPageVC.swift in Sources */,
				05394D83281C53D200D3A22E /* Error.swift in Sources */,
				055166F3285715F500C86846 /* BuyersVC.swift in Sources */,
				05F61803282BC35200B32571 /* CGRect+Utils.swift in Sources */,
				054B6B3328522C2F005FE558 /* FirstTableVC.swift in Sources */,
				05F61802282BC35200B32571 /* CGAffineTransform+Utils.swift in Sources */,
				055166F52857232F00C86846 /* SuppliersVC.swift in Sources */,
				05394D10281C52B200D3A22E /* CaptureSession.swift in Sources */,
				05394D5A281C53AF00D3A22E /* Transformable.swift in Sources */,
				05394D85281C53D200D3A22E /* CIRectangleDetector.swift in Sources */,
				05F617FD282BC35200B32571 /* AVCaptureVideoOrientation+Utils.swift in Sources */,
				0548EBC328226B2C00E129C8 /* RotateAndZoomVC.swift in Sources */,
				0548EBC52822A09000E129C8 /* ShowPDF.swift in Sources */,
				053A22C92856401F00D28205 /* CheckBox.swift in Sources */,
				0515EAC528539FC100575C10 /* SecondTableVC.swift in Sources */,
				05394D20281C538800D3A22E /* CameraScannerViewController.swift in Sources */,
				05F61805282BC35200B32571 /* UIImage+Orientation.swift in Sources */,
				053A22CB285641D100D28205 /* IbanVC.swift in Sources */,
				053A22C72856257C00D28205 /* CompareCell.swift in Sources */,
				0535A719281D494200FBFD99 /* ReviewVC.swift in Sources */,
				05F61804282BC35200B32571 /* Array+Utils.swift in Sources */,
			);
			runOnlyForDeploymentPostprocessing = 0;
		};
/* End PBXSourcesBuildPhase section */

/* Begin PBXVariantGroup section */
		05394CF6281C4CEF00D3A22E /* Main.storyboard */ = {
			isa = PBXVariantGroup;
			children = (
				05394CF7281C4CEF00D3A22E /* Base */,
			);
			name = Main.storyboard;
			sourceTree = "<group>";
		};
		05394CFB281C4D0400D3A22E /* LaunchScreen.storyboard */ = {
			isa = PBXVariantGroup;
			children = (
				05394CFC281C4D0400D3A22E /* Base */,
			);
			name = LaunchScreen.storyboard;
			sourceTree = "<group>";
		};
		05394D13281C537F00D3A22E /* Localizable.strings */ = {
			isa = PBXVariantGroup;
			children = (
				05394D14281C537F00D3A22E /* ja */,
			);
			name = Localizable.strings;
			sourceTree = "<group>";
		};
		05394D28281C53A800D3A22E /* Localizable.strings */ = {
			isa = PBXVariantGroup;
			children = (
				05394D29281C53A800D3A22E /* de */,
				05394D2A281C53A800D3A22E /* ar */,
				05394D2B281C53A800D3A22E /* zh-Hans */,
				05394D2C281C53A800D3A22E /* en */,
				05394D2D281C53A800D3A22E /* es */,
				05394D2E281C53A800D3A22E /* es-419 */,
				05394D2F281C53A800D3A22E /* it */,
				05394D30281C53A800D3A22E /* sv */,
				05394D31281C53A800D3A22E /* cs */,
				05394D32281C53A800D3A22E /* ko */,
				05394D33281C53A800D3A22E /* zh-Hant */,
				05394D34281C53A800D3A22E /* hu */,
				05394D35281C53A800D3A22E /* tr */,
				05394D36281C53A800D3A22E /* pl */,
				05394D37281C53A800D3A22E /* pt-BR */,
				05394D38281C53A800D3A22E /* ru */,
				05394D39281C53A800D3A22E /* fr */,
				05394D3A281C53A800D3A22E /* nl */,
				05394D3B281C53A800D3A22E /* pt-PT */,
			);
			name = Localizable.strings;
			sourceTree = "<group>";
		};
/* End PBXVariantGroup section */

/* Begin XCBuildConfiguration section */
		05394CFF281C4D0400D3A22E /* Debug */ = {
			isa = XCBuildConfiguration;
			buildSettings = {
				ALWAYS_SEARCH_USER_PATHS = NO;
				CLANG_ANALYZER_NONNULL = YES;
				CLANG_ANALYZER_NUMBER_OBJECT_CONVERSION = YES_AGGRESSIVE;
				CLANG_CXX_LANGUAGE_STANDARD = "gnu++17";
				CLANG_ENABLE_MODULES = YES;
				CLANG_ENABLE_OBJC_ARC = YES;
				CLANG_ENABLE_OBJC_WEAK = YES;
				CLANG_WARN_BLOCK_CAPTURE_AUTORELEASING = YES;
				CLANG_WARN_BOOL_CONVERSION = YES;
				CLANG_WARN_COMMA = YES;
				CLANG_WARN_CONSTANT_CONVERSION = YES;
				CLANG_WARN_DEPRECATED_OBJC_IMPLEMENTATIONS = YES;
				CLANG_WARN_DIRECT_OBJC_ISA_USAGE = YES_ERROR;
				CLANG_WARN_DOCUMENTATION_COMMENTS = YES;
				CLANG_WARN_EMPTY_BODY = YES;
				CLANG_WARN_ENUM_CONVERSION = YES;
				CLANG_WARN_INFINITE_RECURSION = YES;
				CLANG_WARN_INT_CONVERSION = YES;
				CLANG_WARN_NON_LITERAL_NULL_CONVERSION = YES;
				CLANG_WARN_OBJC_IMPLICIT_RETAIN_SELF = YES;
				CLANG_WARN_OBJC_LITERAL_CONVERSION = YES;
				CLANG_WARN_OBJC_ROOT_CLASS = YES_ERROR;
				CLANG_WARN_QUOTED_INCLUDE_IN_FRAMEWORK_HEADER = YES;
				CLANG_WARN_RANGE_LOOP_ANALYSIS = YES;
				CLANG_WARN_STRICT_PROTOTYPES = YES;
				CLANG_WARN_SUSPICIOUS_MOVE = YES;
				CLANG_WARN_UNGUARDED_AVAILABILITY = YES_AGGRESSIVE;
				CLANG_WARN_UNREACHABLE_CODE = YES;
				CLANG_WARN__DUPLICATE_METHOD_MATCH = YES;
				COPY_PHASE_STRIP = NO;
				DEBUG_INFORMATION_FORMAT = dwarf;
				ENABLE_STRICT_OBJC_MSGSEND = YES;
				ENABLE_TESTABILITY = YES;
				GCC_C_LANGUAGE_STANDARD = gnu11;
				GCC_DYNAMIC_NO_PIC = NO;
				GCC_NO_COMMON_BLOCKS = YES;
				GCC_OPTIMIZATION_LEVEL = 0;
				GCC_PREPROCESSOR_DEFINITIONS = (
					"DEBUG=1",
					"$(inherited)",
				);
				GCC_WARN_64_TO_32_BIT_CONVERSION = YES;
				GCC_WARN_ABOUT_RETURN_TYPE = YES_ERROR;
				GCC_WARN_UNDECLARED_SELECTOR = YES;
				GCC_WARN_UNINITIALIZED_AUTOS = YES_AGGRESSIVE;
				GCC_WARN_UNUSED_FUNCTION = YES;
				GCC_WARN_UNUSED_VARIABLE = YES;
				IPHONEOS_DEPLOYMENT_TARGET = 15.4;
				MTL_ENABLE_DEBUG_INFO = INCLUDE_SOURCE;
				MTL_FAST_MATH = YES;
				ONLY_ACTIVE_ARCH = YES;
				SDKROOT = iphoneos;
				SWIFT_ACTIVE_COMPILATION_CONDITIONS = DEBUG;
				SWIFT_OPTIMIZATION_LEVEL = "-Onone";
			};
			name = Debug;
		};
		05394D00281C4D0400D3A22E /* Release */ = {
			isa = XCBuildConfiguration;
			buildSettings = {
				ALWAYS_SEARCH_USER_PATHS = NO;
				CLANG_ANALYZER_NONNULL = YES;
				CLANG_ANALYZER_NUMBER_OBJECT_CONVERSION = YES_AGGRESSIVE;
				CLANG_CXX_LANGUAGE_STANDARD = "gnu++17";
				CLANG_ENABLE_MODULES = YES;
				CLANG_ENABLE_OBJC_ARC = YES;
				CLANG_ENABLE_OBJC_WEAK = YES;
				CLANG_WARN_BLOCK_CAPTURE_AUTORELEASING = YES;
				CLANG_WARN_BOOL_CONVERSION = YES;
				CLANG_WARN_COMMA = YES;
				CLANG_WARN_CONSTANT_CONVERSION = YES;
				CLANG_WARN_DEPRECATED_OBJC_IMPLEMENTATIONS = YES;
				CLANG_WARN_DIRECT_OBJC_ISA_USAGE = YES_ERROR;
				CLANG_WARN_DOCUMENTATION_COMMENTS = YES;
				CLANG_WARN_EMPTY_BODY = YES;
				CLANG_WARN_ENUM_CONVERSION = YES;
				CLANG_WARN_INFINITE_RECURSION = YES;
				CLANG_WARN_INT_CONVERSION = YES;
				CLANG_WARN_NON_LITERAL_NULL_CONVERSION = YES;
				CLANG_WARN_OBJC_IMPLICIT_RETAIN_SELF = YES;
				CLANG_WARN_OBJC_LITERAL_CONVERSION = YES;
				CLANG_WARN_OBJC_ROOT_CLASS = YES_ERROR;
				CLANG_WARN_QUOTED_INCLUDE_IN_FRAMEWORK_HEADER = YES;
				CLANG_WARN_RANGE_LOOP_ANALYSIS = YES;
				CLANG_WARN_STRICT_PROTOTYPES = YES;
				CLANG_WARN_SUSPICIOUS_MOVE = YES;
				CLANG_WARN_UNGUARDED_AVAILABILITY = YES_AGGRESSIVE;
				CLANG_WARN_UNREACHABLE_CODE = YES;
				CLANG_WARN__DUPLICATE_METHOD_MATCH = YES;
				COPY_PHASE_STRIP = NO;
				DEBUG_INFORMATION_FORMAT = "dwarf-with-dsym";
				ENABLE_NS_ASSERTIONS = NO;
				ENABLE_STRICT_OBJC_MSGSEND = YES;
				GCC_C_LANGUAGE_STANDARD = gnu11;
				GCC_NO_COMMON_BLOCKS = YES;
				GCC_WARN_64_TO_32_BIT_CONVERSION = YES;
				GCC_WARN_ABOUT_RETURN_TYPE = YES_ERROR;
				GCC_WARN_UNDECLARED_SELECTOR = YES;
				GCC_WARN_UNINITIALIZED_AUTOS = YES_AGGRESSIVE;
				GCC_WARN_UNUSED_FUNCTION = YES;
				GCC_WARN_UNUSED_VARIABLE = YES;
				IPHONEOS_DEPLOYMENT_TARGET = 15.4;
				MTL_ENABLE_DEBUG_INFO = NO;
				MTL_FAST_MATH = YES;
				SDKROOT = iphoneos;
				SWIFT_COMPILATION_MODE = wholemodule;
				SWIFT_OPTIMIZATION_LEVEL = "-O";
				VALIDATE_PRODUCT = YES;
			};
			name = Release;
		};
		05394D02281C4D0400D3A22E /* Debug */ = {
			isa = XCBuildConfiguration;
			buildSettings = {
				ASSETCATALOG_COMPILER_APPICON_NAME = AppIcon;
				ASSETCATALOG_COMPILER_GLOBAL_ACCENT_COLOR_NAME = AccentColor;
				CODE_SIGN_STYLE = Automatic;
				CURRENT_PROJECT_VERSION = 1;
				DEVELOPMENT_TEAM = W6428KC67A;
				GENERATE_INFOPLIST_FILE = YES;
				INFOPLIST_FILE = scannerApp/Info.plist;
				INFOPLIST_KEY_UIApplicationSupportsIndirectInputEvents = YES;
				INFOPLIST_KEY_UILaunchStoryboardName = LaunchScreen;
				INFOPLIST_KEY_UIMainStoryboardFile = Main;
				INFOPLIST_KEY_UISupportedInterfaceOrientations_iPad = "UIInterfaceOrientationPortrait UIInterfaceOrientationPortraitUpsideDown UIInterfaceOrientationLandscapeLeft UIInterfaceOrientationLandscapeRight";
				INFOPLIST_KEY_UISupportedInterfaceOrientations_iPhone = "UIInterfaceOrientationPortrait UIInterfaceOrientationLandscapeLeft UIInterfaceOrientationLandscapeRight";
				LD_RUNPATH_SEARCH_PATHS = (
					"$(inherited)",
					"@executable_path/Frameworks",
				);
				MARKETING_VERSION = 1.0;
				PRODUCT_BUNDLE_IDENTIFIER = vlako.scannerApp;
				PRODUCT_NAME = "$(TARGET_NAME)";
				SWIFT_EMIT_LOC_STRINGS = YES;
				SWIFT_VERSION = 5.0;
				TARGETED_DEVICE_FAMILY = "1,2";
			};
			name = Debug;
		};
		05394D03281C4D0400D3A22E /* Release */ = {
			isa = XCBuildConfiguration;
			buildSettings = {
				ASSETCATALOG_COMPILER_APPICON_NAME = AppIcon;
				ASSETCATALOG_COMPILER_GLOBAL_ACCENT_COLOR_NAME = AccentColor;
				CODE_SIGN_STYLE = Automatic;
				CURRENT_PROJECT_VERSION = 1;
				DEVELOPMENT_TEAM = W6428KC67A;
				GENERATE_INFOPLIST_FILE = YES;
				INFOPLIST_FILE = scannerApp/Info.plist;
				INFOPLIST_KEY_UIApplicationSupportsIndirectInputEvents = YES;
				INFOPLIST_KEY_UILaunchStoryboardName = LaunchScreen;
				INFOPLIST_KEY_UIMainStoryboardFile = Main;
				INFOPLIST_KEY_UISupportedInterfaceOrientations_iPad = "UIInterfaceOrientationPortrait UIInterfaceOrientationPortraitUpsideDown UIInterfaceOrientationLandscapeLeft UIInterfaceOrientationLandscapeRight";
				INFOPLIST_KEY_UISupportedInterfaceOrientations_iPhone = "UIInterfaceOrientationPortrait UIInterfaceOrientationLandscapeLeft UIInterfaceOrientationLandscapeRight";
				LD_RUNPATH_SEARCH_PATHS = (
					"$(inherited)",
					"@executable_path/Frameworks",
				);
				MARKETING_VERSION = 1.0;
				PRODUCT_BUNDLE_IDENTIFIER = vlako.scannerApp;
				PRODUCT_NAME = "$(TARGET_NAME)";
				SWIFT_EMIT_LOC_STRINGS = YES;
				SWIFT_VERSION = 5.0;
				TARGETED_DEVICE_FAMILY = "1,2";
			};
			name = Release;
		};
/* End XCBuildConfiguration section */

/* Begin XCConfigurationList section */
		05394CE8281C4CEF00D3A22E /* Build configuration list for PBXProject "scannerApp" */ = {
			isa = XCConfigurationList;
			buildConfigurations = (
				05394CFF281C4D0400D3A22E /* Debug */,
				05394D00281C4D0400D3A22E /* Release */,
			);
			defaultConfigurationIsVisible = 0;
			defaultConfigurationName = Release;
		};
		05394D01281C4D0400D3A22E /* Build configuration list for PBXNativeTarget "scannerApp" */ = {
			isa = XCConfigurationList;
			buildConfigurations = (
				05394D02281C4D0400D3A22E /* Debug */,
				05394D03281C4D0400D3A22E /* Release */,
			);
			defaultConfigurationIsVisible = 0;
			defaultConfigurationName = Release;
		};
/* End XCConfigurationList section */
	};
	rootObject = 05394CE5281C4CEF00D3A22E /* Project object */;
}
